
Microsoft Visual Studio Solution File, Format Version 12.00
# Visual Studio Version 17
VisualStudioVersion = 17.7.34031.279
MinimumVisualStudioVersion = 10.0.40219.1
Project("{9A19103F-16F7-4668-BE54-9A1E7A4F7556}") = "WeatherCheckerUploader", "WeatherCheckerUploader\WeatherCheckerUploader.csproj", "{91F05FB5-02AF-4AFE-AF0A-AB5695511B09}"
EndProject
Project("{FAE04EC0-301F-11D3-BF4B-00C04F79EFBC}") = "WeatherAppDatabase", "WeatherAppDatabase\WeatherAppDatabase.csproj", "{5F9507F8-C761-4429-A508-DF631538B284}"
EndProject
Global
	GlobalSection(SolutionConfigurationPlatforms) = preSolution
		Debug|Any CPU = Debug|Any CPU
		Release|Any CPU = Release|Any CPU
	EndGlobalSection
	GlobalSection(ProjectConfigurationPlatforms) = postSolution
		{91F05FB5-02AF-4AFE-AF0A-AB5695511B09}.Debug|Any CPU.ActiveCfg = Debug|Any CPU
		{91F05FB5-02AF-4AFE-AF0A-AB5695511B09}.Debug|Any CPU.Build.0 = Debug|Any CPU
		{91F05FB5-02AF-4AFE-AF0A-AB5695511B09}.Release|Any CPU.ActiveCfg = Release|Any CPU
		{91F05FB5-02AF-4AFE-AF0A-AB5695511B09}.Release|Any CPU.Build.0 = Release|Any CPU
		{5F9507F8-C761-4429-A508-DF631538B284}.Debug|Any CPU.ActiveCfg = Debug|Any CPU
		{5F9507F8-C761-4429-A508-DF631538B284}.Debug|Any CPU.Build.0 = Debug|Any CPU
		{5F9507F8-C761-4429-A508-DF631538B284}.Release|Any CPU.ActiveCfg = Release|Any CPU
		{5F9507F8-C761-4429-A508-DF631538B284}.Release|Any CPU.Build.0 = Release|Any CPU
	EndGlobalSection
	GlobalSection(SolutionProperties) = preSolution
		HideSolutionNode = FALSE
	EndGlobalSection
	GlobalSection(ExtensibilityGlobals) = postSolution
		SolutionGuid = {CBE3E393-4327-4044-8FA2-0C0AECA85EC0}
	EndGlobalSection
EndGlobal
